# generated by rye
# use `rye lock` or `rye sync` to update this lockfile
#
# last locked with the following flags:
#   pre: false
#   features: []
#   all-features: false
#   with-sources: false
#   generate-hashes: false

contourpy==1.2.1
    # via matplotlib
cycler==0.12.1
    # via matplotlib
exceptiongroup==1.2.1
    # via pytest
fonttools==4.52.1
    # via matplotlib
gekko==1.1.1
gitdb==4.0.11
    # via gitpython
gitpython==3.1.43
    # via openpiv
imageio==2.34.1
    # via openpiv
    # via scikit-image
iniconfig==2.0.0
    # via pytest
kiwisolver==1.4.5
    # via matplotlib
lazy-loader==0.4
    # via scikit-image
matplotlib==3.9.0
    # via openpiv
natsort==8.4.0
    # via openpiv
networkx==3.3
    # via scikit-image
numpy==1.26.4
    # via contourpy
    # via gekko
    # via imageio
    # via matplotlib
    # via opencv-python
    # via openpiv
    # via pandas
    # via scikit-image
    # via scipy
    # via tifffile
opencv-python==4.9.0.80
openpiv==0.23.6
packaging==24.0
    # via lazy-loader
    # via matplotlib
    # via pytest
    # via scikit-image
pandas==2.2.2
pillow==10.3.0
    # via imageio
    # via matplotlib
    # via scikit-image
pluggy==1.5.0
    # via pytest
pyparsing==3.1.2
    # via matplotlib
pytest==8.2.1
    # via openpiv
python-dateutil==2.9.0.post0
    # via matplotlib
    # via pandas
pytz==2024.1
    # via pandas
scikit-image==0.23.2
    # via openpiv
scipy==1.13.1
    # via openpiv
    # via scikit-image
six==1.16.0
    # via python-dateutil
smmap==5.0.1
    # via gitdb
tifffile==2024.5.22
    # via scikit-image
tomli==2.0.1
    # via pytest
tqdm==4.66.4
    # via openpiv
tzdata==2024.1
    # via pandas
